// !$*UTF8*$!
{
	archiveVersion = 1;
	classes = {
	};
	objectVersion = 51;
	objects = {

/* Begin PBXBuildFile section */
		1139F951263B870700DFCD4B /* FriendsListVC.swift in Sources */ = {isa = PBXBuildFile; fileRef = 1139F950263B870700DFCD4B /* FriendsListVC.swift */; };
		1169A7A32628D84500DCC729 /* groupCell.xib in Resources */ = {isa = PBXBuildFile; fileRef = 1169A7A22628D84500DCC729 /* groupCell.xib */; };
		1169A7AB2628D8A400DCC729 /* eventCell.xib in Resources */ = {isa = PBXBuildFile; fileRef = 1169A7AA2628D8A400DCC729 /* eventCell.xib */; };
		119B9790261070C4008676C5 /* AppDelegate.swift in Sources */ = {isa = PBXBuildFile; fileRef = 119B978F261070C4008676C5 /* AppDelegate.swift */; };
		119B9792261070C4008676C5 /* SceneDelegate.swift in Sources */ = {isa = PBXBuildFile; fileRef = 119B9791261070C4008676C5 /* SceneDelegate.swift */; };
		119B9794261070C4008676C5 /* ViewController.swift in Sources */ = {isa = PBXBuildFile; fileRef = 119B9793261070C4008676C5 /* ViewController.swift */; };
		119B9797261070C4008676C5 /* Main.storyboard in Resources */ = {isa = PBXBuildFile; fileRef = 119B9795261070C4008676C5 /* Main.storyboard */; };
		119B9799261070C7008676C5 /* Assets.xcassets in Resources */ = {isa = PBXBuildFile; fileRef = 119B9798261070C7008676C5 /* Assets.xcassets */; };
		119B979C261070C7008676C5 /* LaunchScreen.storyboard in Resources */ = {isa = PBXBuildFile; fileRef = 119B979A261070C7008676C5 /* LaunchScreen.storyboard */; };
		119B97A7261070C7008676C5 /* AssembleTests.swift in Sources */ = {isa = PBXBuildFile; fileRef = 119B97A6261070C7008676C5 /* AssembleTests.swift */; };
		119B97B2261070C7008676C5 /* AssembleUITests.swift in Sources */ = {isa = PBXBuildFile; fileRef = 119B97B1261070C7008676C5 /* AssembleUITests.swift */; };
		119B97C3261077F1008676C5 /* RegisterVC.swift in Sources */ = {isa = PBXBuildFile; fileRef = 119B97C2261077F1008676C5 /* RegisterVC.swift */; };
		119B97CB261078CC008676C5 /* GroupsVC.swift in Sources */ = {isa = PBXBuildFile; fileRef = 119B97CA261078CC008676C5 /* GroupsVC.swift */; };
		119B97D02610790E008676C5 /* CreateGroupVC.swift in Sources */ = {isa = PBXBuildFile; fileRef = 119B97CF2610790E008676C5 /* CreateGroupVC.swift */; };
		119B97DB26107A04008676C5 /* OpenGroupVC.swift in Sources */ = {isa = PBXBuildFile; fileRef = 119B97DA26107A04008676C5 /* OpenGroupVC.swift */; };
		119B97E326107B8A008676C5 /* CreateEventVC.swift in Sources */ = {isa = PBXBuildFile; fileRef = 119B97E226107B8A008676C5 /* CreateEventVC.swift */; };
		119B97E826107BA6008676C5 /* AddFriendVC.swift in Sources */ = {isa = PBXBuildFile; fileRef = 119B97E726107BA6008676C5 /* AddFriendVC.swift */; };
		164FE8C9262D41800031DB39 /* HomeVC.swift in Sources */ = {isa = PBXBuildFile; fileRef = 164FE8C8262D41800031DB39 /* HomeVC.swift */; };
		2896B53E2633B71700977A4C /* GoogleService-Info.plist in Resources */ = {isa = PBXBuildFile; fileRef = 2896B53D2633B71700977A4C /* GoogleService-Info.plist */; };
		2896B55F2633C09100977A4C /* Constants.swift in Sources */ = {isa = PBXBuildFile; fileRef = 2896B55E2633C09100977A4C /* Constants.swift */; };
		4A9BE9AA31BC78B7C75C94B5 /* Pods_Assemble_AssembleUITests.framework in Frameworks */ = {isa = PBXBuildFile; fileRef = 08530087294F66EA54FF6AEE /* Pods_Assemble_AssembleUITests.framework */; };
		5E1B27DB3E23A5DFCB80D3B0 /* Pods_AssembleTests.framework in Frameworks */ = {isa = PBXBuildFile; fileRef = B62628346E1A76E2F2EFFAD0 /* Pods_AssembleTests.framework */; };
		D434F4FA5E5196557EBCEA83 /* Pods_Assemble.framework in Frameworks */ = {isa = PBXBuildFile; fileRef = F4BCF740BE57A5EAAF1AFFB5 /* Pods_Assemble.framework */; };
/* End PBXBuildFile section */

/* Begin PBXContainerItemProxy section */
		119B97A3261070C7008676C5 /* PBXContainerItemProxy */ = {
			isa = PBXContainerItemProxy;
			containerPortal = 119B9784261070C4008676C5 /* Project object */;
			proxyType = 1;
			remoteGlobalIDString = 119B978B261070C4008676C5;
			remoteInfo = Assemble;
		};
		119B97AE261070C7008676C5 /* PBXContainerItemProxy */ = {
			isa = PBXContainerItemProxy;
			containerPortal = 119B9784261070C4008676C5 /* Project object */;
			proxyType = 1;
			remoteGlobalIDString = 119B978B261070C4008676C5;
			remoteInfo = Assemble;
		};
/* End PBXContainerItemProxy section */

/* Begin PBXFileReference section */
		08530087294F66EA54FF6AEE /* Pods_Assemble_AssembleUITests.framework */ = {isa = PBXFileReference; explicitFileType = wrapper.framework; includeInIndex = 0; path = Pods_Assemble_AssembleUITests.framework; sourceTree = BUILT_PRODUCTS_DIR; };
		0CB782128F454DCD94BC8985 /* Pods-Assemble-AssembleUITests.debug.xcconfig */ = {isa = PBXFileReference; includeInIndex = 1; lastKnownFileType = text.xcconfig; name = "Pods-Assemble-AssembleUITests.debug.xcconfig"; path = "Target Support Files/Pods-Assemble-AssembleUITests/Pods-Assemble-AssembleUITests.debug.xcconfig"; sourceTree = "<group>"; };
		0F857D03762A44BAF1046474 /* Pods-AssembleTests.debug.xcconfig */ = {isa = PBXFileReference; includeInIndex = 1; lastKnownFileType = text.xcconfig; name = "Pods-AssembleTests.debug.xcconfig"; path = "Target Support Files/Pods-AssembleTests/Pods-AssembleTests.debug.xcconfig"; sourceTree = "<group>"; };
		1139F950263B870700DFCD4B /* FriendsListVC.swift */ = {isa = PBXFileReference; lastKnownFileType = sourcecode.swift; path = FriendsListVC.swift; sourceTree = "<group>"; };
		1169A7A22628D84500DCC729 /* groupCell.xib */ = {isa = PBXFileReference; lastKnownFileType = file.xib; path = groupCell.xib; sourceTree = "<group>"; };
		1169A7AA2628D8A400DCC729 /* eventCell.xib */ = {isa = PBXFileReference; lastKnownFileType = file.xib; path = eventCell.xib; sourceTree = "<group>"; };
		119B978C261070C4008676C5 /* Assemble.app */ = {isa = PBXFileReference; explicitFileType = wrapper.application; includeInIndex = 0; path = Assemble.app; sourceTree = BUILT_PRODUCTS_DIR; };
		119B978F261070C4008676C5 /* AppDelegate.swift */ = {isa = PBXFileReference; lastKnownFileType = sourcecode.swift; path = AppDelegate.swift; sourceTree = "<group>"; };
		119B9791261070C4008676C5 /* SceneDelegate.swift */ = {isa = PBXFileReference; lastKnownFileType = sourcecode.swift; path = SceneDelegate.swift; sourceTree = "<group>"; };
		119B9793261070C4008676C5 /* ViewController.swift */ = {isa = PBXFileReference; lastKnownFileType = sourcecode.swift; path = ViewController.swift; sourceTree = "<group>"; };
		119B9796261070C4008676C5 /* Base */ = {isa = PBXFileReference; lastKnownFileType = file.storyboard; name = Base; path = Base.lproj/Main.storyboard; sourceTree = "<group>"; };
		119B9798261070C7008676C5 /* Assets.xcassets */ = {isa = PBXFileReference; lastKnownFileType = folder.assetcatalog; path = Assets.xcassets; sourceTree = "<group>"; };
		119B979B261070C7008676C5 /* Base */ = {isa = PBXFileReference; lastKnownFileType = file.storyboard; name = Base; path = Base.lproj/LaunchScreen.storyboard; sourceTree = "<group>"; };
		119B979D261070C7008676C5 /* Info.plist */ = {isa = PBXFileReference; lastKnownFileType = text.plist.xml; path = Info.plist; sourceTree = "<group>"; };
		119B97A2261070C7008676C5 /* AssembleTests.xctest */ = {isa = PBXFileReference; explicitFileType = wrapper.cfbundle; includeInIndex = 0; path = AssembleTests.xctest; sourceTree = BUILT_PRODUCTS_DIR; };
		119B97A6261070C7008676C5 /* AssembleTests.swift */ = {isa = PBXFileReference; lastKnownFileType = sourcecode.swift; path = AssembleTests.swift; sourceTree = "<group>"; };
		119B97A8261070C7008676C5 /* Info.plist */ = {isa = PBXFileReference; lastKnownFileType = text.plist.xml; path = Info.plist; sourceTree = "<group>"; };
		119B97AD261070C7008676C5 /* AssembleUITests.xctest */ = {isa = PBXFileReference; explicitFileType = wrapper.cfbundle; includeInIndex = 0; path = AssembleUITests.xctest; sourceTree = BUILT_PRODUCTS_DIR; };
		119B97B1261070C7008676C5 /* AssembleUITests.swift */ = {isa = PBXFileReference; lastKnownFileType = sourcecode.swift; path = AssembleUITests.swift; sourceTree = "<group>"; };
		119B97B3261070C7008676C5 /* Info.plist */ = {isa = PBXFileReference; lastKnownFileType = text.plist.xml; path = Info.plist; sourceTree = "<group>"; };
		119B97C2261077F1008676C5 /* RegisterVC.swift */ = {isa = PBXFileReference; lastKnownFileType = sourcecode.swift; path = RegisterVC.swift; sourceTree = "<group>"; };
		119B97CA261078CC008676C5 /* GroupsVC.swift */ = {isa = PBXFileReference; lastKnownFileType = sourcecode.swift; path = GroupsVC.swift; sourceTree = "<group>"; };
		119B97CF2610790E008676C5 /* CreateGroupVC.swift */ = {isa = PBXFileReference; lastKnownFileType = sourcecode.swift; path = CreateGroupVC.swift; sourceTree = "<group>"; };
		119B97DA26107A04008676C5 /* OpenGroupVC.swift */ = {isa = PBXFileReference; lastKnownFileType = sourcecode.swift; path = OpenGroupVC.swift; sourceTree = "<group>"; };
		119B97E226107B8A008676C5 /* CreateEventVC.swift */ = {isa = PBXFileReference; lastKnownFileType = sourcecode.swift; path = CreateEventVC.swift; sourceTree = "<group>"; };
		119B97E726107BA6008676C5 /* AddFriendVC.swift */ = {isa = PBXFileReference; lastKnownFileType = sourcecode.swift; path = AddFriendVC.swift; sourceTree = "<group>"; };
		164FE8C8262D41800031DB39 /* HomeVC.swift */ = {isa = PBXFileReference; lastKnownFileType = sourcecode.swift; path = HomeVC.swift; sourceTree = "<group>"; };
		2896B53D2633B71700977A4C /* GoogleService-Info.plist */ = {isa = PBXFileReference; fileEncoding = 4; lastKnownFileType = text.plist.xml; path = "GoogleService-Info.plist"; sourceTree = "<group>"; };
		2896B55E2633C09100977A4C /* Constants.swift */ = {isa = PBXFileReference; lastKnownFileType = sourcecode.swift; path = Constants.swift; sourceTree = "<group>"; };
		684619CF8156531BA8990F77 /* Pods-Assemble-AssembleUITests.release.xcconfig */ = {isa = PBXFileReference; includeInIndex = 1; lastKnownFileType = text.xcconfig; name = "Pods-Assemble-AssembleUITests.release.xcconfig"; path = "Target Support Files/Pods-Assemble-AssembleUITests/Pods-Assemble-AssembleUITests.release.xcconfig"; sourceTree = "<group>"; };
		7F2A506C6F8CB1F8C8B826A2 /* Pods-Assemble.debug.xcconfig */ = {isa = PBXFileReference; includeInIndex = 1; lastKnownFileType = text.xcconfig; name = "Pods-Assemble.debug.xcconfig"; path = "Target Support Files/Pods-Assemble/Pods-Assemble.debug.xcconfig"; sourceTree = "<group>"; };
		B62628346E1A76E2F2EFFAD0 /* Pods_AssembleTests.framework */ = {isa = PBXFileReference; explicitFileType = wrapper.framework; includeInIndex = 0; path = Pods_AssembleTests.framework; sourceTree = BUILT_PRODUCTS_DIR; };
		C5E45E4BB2746D34C8CBDD75 /* Pods-AssembleTests.release.xcconfig */ = {isa = PBXFileReference; includeInIndex = 1; lastKnownFileType = text.xcconfig; name = "Pods-AssembleTests.release.xcconfig"; path = "Target Support Files/Pods-AssembleTests/Pods-AssembleTests.release.xcconfig"; sourceTree = "<group>"; };
		DFAE342D7059BDA5F06B2553 /* Pods-Assemble.release.xcconfig */ = {isa = PBXFileReference; includeInIndex = 1; lastKnownFileType = text.xcconfig; name = "Pods-Assemble.release.xcconfig"; path = "Target Support Files/Pods-Assemble/Pods-Assemble.release.xcconfig"; sourceTree = "<group>"; };
		F4BCF740BE57A5EAAF1AFFB5 /* Pods_Assemble.framework */ = {isa = PBXFileReference; explicitFileType = wrapper.framework; includeInIndex = 0; path = Pods_Assemble.framework; sourceTree = BUILT_PRODUCTS_DIR; };
/* End PBXFileReference section */

/* Begin PBXFrameworksBuildPhase section */
		119B9789261070C4008676C5 /* Frameworks */ = {
			isa = PBXFrameworksBuildPhase;
			buildActionMask = 2147483647;
			files = (
				D434F4FA5E5196557EBCEA83 /* Pods_Assemble.framework in Frameworks */,
			);
			runOnlyForDeploymentPostprocessing = 0;
		};
		119B979F261070C7008676C5 /* Frameworks */ = {
			isa = PBXFrameworksBuildPhase;
			buildActionMask = 2147483647;
			files = (
				5E1B27DB3E23A5DFCB80D3B0 /* Pods_AssembleTests.framework in Frameworks */,
			);
			runOnlyForDeploymentPostprocessing = 0;
		};
		119B97AA261070C7008676C5 /* Frameworks */ = {
			isa = PBXFrameworksBuildPhase;
			buildActionMask = 2147483647;
			files = (
				4A9BE9AA31BC78B7C75C94B5 /* Pods_Assemble_AssembleUITests.framework in Frameworks */,
			);
			runOnlyForDeploymentPostprocessing = 0;
		};
/* End PBXFrameworksBuildPhase section */

/* Begin PBXGroup section */
		119B9783261070C4008676C5 = {
			isa = PBXGroup;
			children = (
				119B978E261070C4008676C5 /* Assemble */,
				119B97A5261070C7008676C5 /* AssembleTests */,
				119B97B0261070C7008676C5 /* AssembleUITests */,
				119B978D261070C4008676C5 /* Products */,
				B97A65A843F9FAC2093CFE62 /* Pods */,
				3F820CE3B5A8718B91CD9FA4 /* Frameworks */,
			);
			sourceTree = "<group>";
		};
		119B978D261070C4008676C5 /* Products */ = {
			isa = PBXGroup;
			children = (
				119B978C261070C4008676C5 /* Assemble.app */,
				119B97A2261070C7008676C5 /* AssembleTests.xctest */,
				119B97AD261070C7008676C5 /* AssembleUITests.xctest */,
			);
			name = Products;
			sourceTree = "<group>";
		};
		119B978E261070C4008676C5 /* Assemble */ = {
			isa = PBXGroup;
			children = (
				119B978F261070C4008676C5 /* AppDelegate.swift */,
				119B9791261070C4008676C5 /* SceneDelegate.swift */,
				119B9793261070C4008676C5 /* ViewController.swift */,
				119B97C2261077F1008676C5 /* RegisterVC.swift */,
				119B97CA261078CC008676C5 /* GroupsVC.swift */,
				119B97CF2610790E008676C5 /* CreateGroupVC.swift */,
				119B97DA26107A04008676C5 /* OpenGroupVC.swift */,
				119B97E226107B8A008676C5 /* CreateEventVC.swift */,
				119B97E726107BA6008676C5 /* AddFriendVC.swift */,
				119B9795261070C4008676C5 /* Main.storyboard */,
				164FE8C8262D41800031DB39 /* HomeVC.swift */,
				119B9798261070C7008676C5 /* Assets.xcassets */,
				119B979A261070C7008676C5 /* LaunchScreen.storyboard */,
				2896B53D2633B71700977A4C /* GoogleService-Info.plist */,
				119B979D261070C7008676C5 /* Info.plist */,
				1169A7A22628D84500DCC729 /* groupCell.xib */,
				1169A7AA2628D8A400DCC729 /* eventCell.xib */,
				2896B55E2633C09100977A4C /* Constants.swift */,
				1139F950263B870700DFCD4B /* FriendsListVC.swift */,
			);
			path = Assemble;
			sourceTree = "<group>";
		};
		119B97A5261070C7008676C5 /* AssembleTests */ = {
			isa = PBXGroup;
			children = (
				119B97A6261070C7008676C5 /* AssembleTests.swift */,
				119B97A8261070C7008676C5 /* Info.plist */,
			);
			path = AssembleTests;
			sourceTree = "<group>";
		};
		119B97B0261070C7008676C5 /* AssembleUITests */ = {
			isa = PBXGroup;
			children = (
				119B97B1261070C7008676C5 /* AssembleUITests.swift */,
				119B97B3261070C7008676C5 /* Info.plist */,
			);
			path = AssembleUITests;
			sourceTree = "<group>";
		};
		3F820CE3B5A8718B91CD9FA4 /* Frameworks */ = {
			isa = PBXGroup;
			children = (
				F4BCF740BE57A5EAAF1AFFB5 /* Pods_Assemble.framework */,
				08530087294F66EA54FF6AEE /* Pods_Assemble_AssembleUITests.framework */,
				B62628346E1A76E2F2EFFAD0 /* Pods_AssembleTests.framework */,
			);
			name = Frameworks;
			sourceTree = "<group>";
		};
		B97A65A843F9FAC2093CFE62 /* Pods */ = {
			isa = PBXGroup;
			children = (
				7F2A506C6F8CB1F8C8B826A2 /* Pods-Assemble.debug.xcconfig */,
				DFAE342D7059BDA5F06B2553 /* Pods-Assemble.release.xcconfig */,
				0CB782128F454DCD94BC8985 /* Pods-Assemble-AssembleUITests.debug.xcconfig */,
				684619CF8156531BA8990F77 /* Pods-Assemble-AssembleUITests.release.xcconfig */,
				0F857D03762A44BAF1046474 /* Pods-AssembleTests.debug.xcconfig */,
				C5E45E4BB2746D34C8CBDD75 /* Pods-AssembleTests.release.xcconfig */,
			);
			path = Pods;
			sourceTree = "<group>";
		};
/* End PBXGroup section */

/* Begin PBXNativeTarget section */
		119B978B261070C4008676C5 /* Assemble */ = {
			isa = PBXNativeTarget;
			buildConfigurationList = 119B97B6261070C7008676C5 /* Build configuration list for PBXNativeTarget "Assemble" */;
			buildPhases = (
				2E6740980A13744FDAEFB49D /* [CP] Check Pods Manifest.lock */,
				119B9788261070C4008676C5 /* Sources */,
				119B9789261070C4008676C5 /* Frameworks */,
				119B978A261070C4008676C5 /* Resources */,
				DBEB479CF277B5DA63A4D0C3 /* [CP] Embed Pods Frameworks */,
			);
			buildRules = (
			);
			dependencies = (
			);
			name = Assemble;
			productName = Assemble;
			productReference = 119B978C261070C4008676C5 /* Assemble.app */;
			productType = "com.apple.product-type.application";
		};
		119B97A1261070C7008676C5 /* AssembleTests */ = {
			isa = PBXNativeTarget;
			buildConfigurationList = 119B97B9261070C7008676C5 /* Build configuration list for PBXNativeTarget "AssembleTests" */;
			buildPhases = (
				94A23F9CFE501993F65FAEAD /* [CP] Check Pods Manifest.lock */,
				119B979E261070C7008676C5 /* Sources */,
				119B979F261070C7008676C5 /* Frameworks */,
				119B97A0261070C7008676C5 /* Resources */,
			);
			buildRules = (
			);
			dependencies = (
				119B97A4261070C7008676C5 /* PBXTargetDependency */,
			);
			name = AssembleTests;
			productName = AssembleTests;
			productReference = 119B97A2261070C7008676C5 /* AssembleTests.xctest */;
			productType = "com.apple.product-type.bundle.unit-test";
		};
		119B97AC261070C7008676C5 /* AssembleUITests */ = {
			isa = PBXNativeTarget;
			buildConfigurationList = 119B97BC261070C7008676C5 /* Build configuration list for PBXNativeTarget "AssembleUITests" */;
			buildPhases = (
				53842679E396AA618E1C181F /* [CP] Check Pods Manifest.lock */,
				119B97A9261070C7008676C5 /* Sources */,
				119B97AA261070C7008676C5 /* Frameworks */,
				119B97AB261070C7008676C5 /* Resources */,
				696D82C82549B2446553B809 /* [CP] Embed Pods Frameworks */,
			);
			buildRules = (
			);
			dependencies = (
				119B97AF261070C7008676C5 /* PBXTargetDependency */,
			);
			name = AssembleUITests;
			productName = AssembleUITests;
			productReference = 119B97AD261070C7008676C5 /* AssembleUITests.xctest */;
			productType = "com.apple.product-type.bundle.ui-testing";
		};
/* End PBXNativeTarget section */

/* Begin PBXProject section */
		119B9784261070C4008676C5 /* Project object */ = {
			isa = PBXProject;
			attributes = {
				LastSwiftUpdateCheck = 1240;
				LastUpgradeCheck = 1240;
				TargetAttributes = {
					119B978B261070C4008676C5 = {
						CreatedOnToolsVersion = 12.4;
					};
					119B97A1261070C7008676C5 = {
						CreatedOnToolsVersion = 12.4;
						TestTargetID = 119B978B261070C4008676C5;
					};
					119B97AC261070C7008676C5 = {
						CreatedOnToolsVersion = 12.4;
						TestTargetID = 119B978B261070C4008676C5;
					};
				};
			};
			buildConfigurationList = 119B9787261070C4008676C5 /* Build configuration list for PBXProject "Assemble" */;
			compatibilityVersion = "Xcode 9.3";
			developmentRegion = en;
			hasScannedForEncodings = 0;
			knownRegions = (
				en,
				Base,
			);
			mainGroup = 119B9783261070C4008676C5;
			productRefGroup = 119B978D261070C4008676C5 /* Products */;
			projectDirPath = "";
			projectRoot = "";
			targets = (
				119B978B261070C4008676C5 /* Assemble */,
				119B97A1261070C7008676C5 /* AssembleTests */,
				119B97AC261070C7008676C5 /* AssembleUITests */,
			);
		};
/* End PBXProject section */

/* Begin PBXResourcesBuildPhase section */
		119B978A261070C4008676C5 /* Resources */ = {
			isa = PBXResourcesBuildPhase;
			buildActionMask = 2147483647;
			files = (
				119B979C261070C7008676C5 /* LaunchScreen.storyboard in Resources */,
				119B9799261070C7008676C5 /* Assets.xcassets in Resources */,
				119B9797261070C4008676C5 /* Main.storyboard in Resources */,
				1169A7A32628D84500DCC729 /* groupCell.xib in Resources */,
				1169A7AB2628D8A400DCC729 /* eventCell.xib in Resources */,
				2896B53E2633B71700977A4C /* GoogleService-Info.plist in Resources */,
			);
			runOnlyForDeploymentPostprocessing = 0;
		};
		119B97A0261070C7008676C5 /* Resources */ = {
			isa = PBXResourcesBuildPhase;
			buildActionMask = 2147483647;
			files = (
			);
			runOnlyForDeploymentPostprocessing = 0;
		};
		119B97AB261070C7008676C5 /* Resources */ = {
			isa = PBXResourcesBuildPhase;
			buildActionMask = 2147483647;
			files = (
			);
			runOnlyForDeploymentPostprocessing = 0;
		};
/* End PBXResourcesBuildPhase section */

/* Begin PBXShellScriptBuildPhase section */
		2E6740980A13744FDAEFB49D /* [CP] Check Pods Manifest.lock */ = {
			isa = PBXShellScriptBuildPhase;
			buildActionMask = 2147483647;
			files = (
			);
			inputFileListPaths = (
			);
			inputPaths = (
				"${PODS_PODFILE_DIR_PATH}/Podfile.lock",
				"${PODS_ROOT}/Manifest.lock",
			);
			name = "[CP] Check Pods Manifest.lock";
			outputFileListPaths = (
			);
			outputPaths = (
				"$(DERIVED_FILE_DIR)/Pods-Assemble-checkManifestLockResult.txt",
			);
			runOnlyForDeploymentPostprocessing = 0;
			shellPath = /bin/sh;
			shellScript = "diff \"${PODS_PODFILE_DIR_PATH}/Podfile.lock\" \"${PODS_ROOT}/Manifest.lock\" > /dev/null\nif [ $? != 0 ] ; then\n    # print error to STDERR\n    echo \"error: The sandbox is not in sync with the Podfile.lock. Run 'pod install' or update your CocoaPods installation.\" >&2\n    exit 1\nfi\n# This output is used by Xcode 'outputs' to avoid re-running this script phase.\necho \"SUCCESS\" > \"${SCRIPT_OUTPUT_FILE_0}\"\n";
			showEnvVarsInLog = 0;
		};
		53842679E396AA618E1C181F /* [CP] Check Pods Manifest.lock */ = {
			isa = PBXShellScriptBuildPhase;
			buildActionMask = 2147483647;
			files = (
			);
			inputFileListPaths = (
			);
			inputPaths = (
				"${PODS_PODFILE_DIR_PATH}/Podfile.lock",
				"${PODS_ROOT}/Manifest.lock",
			);
			name = "[CP] Check Pods Manifest.lock";
			outputFileListPaths = (
			);
			outputPaths = (
				"$(DERIVED_FILE_DIR)/Pods-Assemble-AssembleUITests-checkManifestLockResult.txt",
			);
			runOnlyForDeploymentPostprocessing = 0;
			shellPath = /bin/sh;
			shellScript = "diff \"${PODS_PODFILE_DIR_PATH}/Podfile.lock\" \"${PODS_ROOT}/Manifest.lock\" > /dev/null\nif [ $? != 0 ] ; then\n    # print error to STDERR\n    echo \"error: The sandbox is not in sync with the Podfile.lock. Run 'pod install' or update your CocoaPods installation.\" >&2\n    exit 1\nfi\n# This output is used by Xcode 'outputs' to avoid re-running this script phase.\necho \"SUCCESS\" > \"${SCRIPT_OUTPUT_FILE_0}\"\n";
			showEnvVarsInLog = 0;
		};
		696D82C82549B2446553B809 /* [CP] Embed Pods Frameworks */ = {
			isa = PBXShellScriptBuildPhase;
			buildActionMask = 2147483647;
			files = (
			);
			inputFileListPaths = (
				"${PODS_ROOT}/Target Support Files/Pods-Assemble-AssembleUITests/Pods-Assemble-AssembleUITests-frameworks-${CONFIGURATION}-input-files.xcfilelist",
			);
			name = "[CP] Embed Pods Frameworks";
			outputFileListPaths = (
				"${PODS_ROOT}/Target Support Files/Pods-Assemble-AssembleUITests/Pods-Assemble-AssembleUITests-frameworks-${CONFIGURATION}-output-files.xcfilelist",
			);
			runOnlyForDeploymentPostprocessing = 0;
			shellPath = /bin/sh;
			shellScript = "\"${PODS_ROOT}/Target Support Files/Pods-Assemble-AssembleUITests/Pods-Assemble-AssembleUITests-frameworks.sh\"\n";
			showEnvVarsInLog = 0;
		};
		94A23F9CFE501993F65FAEAD /* [CP] Check Pods Manifest.lock */ = {
			isa = PBXShellScriptBuildPhase;
			buildActionMask = 2147483647;
			files = (
			);
			inputFileListPaths = (
			);
			inputPaths = (
				"${PODS_PODFILE_DIR_PATH}/Podfile.lock",
				"${PODS_ROOT}/Manifest.lock",
			);
			name = "[CP] Check Pods Manifest.lock";
			outputFileListPaths = (
			);
			outputPaths = (
				"$(DERIVED_FILE_DIR)/Pods-AssembleTests-checkManifestLockResult.txt",
			);
			runOnlyForDeploymentPostprocessing = 0;
			shellPath = /bin/sh;
			shellScript = "diff \"${PODS_PODFILE_DIR_PATH}/Podfile.lock\" \"${PODS_ROOT}/Manifest.lock\" > /dev/null\nif [ $? != 0 ] ; then\n    # print error to STDERR\n    echo \"error: The sandbox is not in sync with the Podfile.lock. Run 'pod install' or update your CocoaPods installation.\" >&2\n    exit 1\nfi\n# This output is used by Xcode 'outputs' to avoid re-running this script phase.\necho \"SUCCESS\" > \"${SCRIPT_OUTPUT_FILE_0}\"\n";
			showEnvVarsInLog = 0;
		};
		DBEB479CF277B5DA63A4D0C3 /* [CP] Embed Pods Frameworks */ = {
			isa = PBXShellScriptBuildPhase;
			buildActionMask = 2147483647;
			files = (
			);
			inputFileListPaths = (
				"${PODS_ROOT}/Target Support Files/Pods-Assemble/Pods-Assemble-frameworks-${CONFIGURATION}-input-files.xcfilelist",
			);
			name = "[CP] Embed Pods Frameworks";
			outputFileListPaths = (
				"${PODS_ROOT}/Target Support Files/Pods-Assemble/Pods-Assemble-frameworks-${CONFIGURATION}-output-files.xcfilelist",
			);
			runOnlyForDeploymentPostprocessing = 0;
			shellPath = /bin/sh;
			shellScript = "\"${PODS_ROOT}/Target Support Files/Pods-Assemble/Pods-Assemble-frameworks.sh\"\n";
			showEnvVarsInLog = 0;
		};
/* End PBXShellScriptBuildPhase section */

/* Begin PBXSourcesBuildPhase section */
		119B9788261070C4008676C5 /* Sources */ = {
			isa = PBXSourcesBuildPhase;
			buildActionMask = 2147483647;
			files = (
				119B9794261070C4008676C5 /* ViewController.swift in Sources */,
				2896B55F2633C09100977A4C /* Constants.swift in Sources */,
				164FE8C9262D41800031DB39 /* HomeVC.swift in Sources */,
				119B97C3261077F1008676C5 /* RegisterVC.swift in Sources */,
				119B97D02610790E008676C5 /* CreateGroupVC.swift in Sources */,
				119B97E826107BA6008676C5 /* AddFriendVC.swift in Sources */,
				1139F951263B870700DFCD4B /* FriendsListVC.swift in Sources */,
				119B97DB26107A04008676C5 /* OpenGroupVC.swift in Sources */,
				119B9790261070C4008676C5 /* AppDelegate.swift in Sources */,
				119B97E326107B8A008676C5 /* CreateEventVC.swift in Sources */,
				119B9792261070C4008676C5 /* SceneDelegate.swift in Sources */,
				119B97CB261078CC008676C5 /* GroupsVC.swift in Sources */,
			);
			runOnlyForDeploymentPostprocessing = 0;
		};
		119B979E261070C7008676C5 /* Sources */ = {
			isa = PBXSourcesBuildPhase;
			buildActionMask = 2147483647;
			files = (
				119B97A7261070C7008676C5 /* AssembleTests.swift in Sources */,
			);
			runOnlyForDeploymentPostprocessing = 0;
		};
		119B97A9261070C7008676C5 /* Sources */ = {
			isa = PBXSourcesBuildPhase;
			buildActionMask = 2147483647;
			files = (
				119B97B2261070C7008676C5 /* AssembleUITests.swift in Sources */,
			);
			runOnlyForDeploymentPostprocessing = 0;
		};
/* End PBXSourcesBuildPhase section */

/* Begin PBXTargetDependency section */
		119B97A4261070C7008676C5 /* PBXTargetDependency */ = {
			isa = PBXTargetDependency;
			target = 119B978B261070C4008676C5 /* Assemble */;
			targetProxy = 119B97A3261070C7008676C5 /* PBXContainerItemProxy */;
		};
		119B97AF261070C7008676C5 /* PBXTargetDependency */ = {
			isa = PBXTargetDependency;
			target = 119B978B261070C4008676C5 /* Assemble */;
			targetProxy = 119B97AE261070C7008676C5 /* PBXContainerItemProxy */;
		};
/* End PBXTargetDependency section */

/* Begin PBXVariantGroup section */
		119B9795261070C4008676C5 /* Main.storyboard */ = {
			isa = PBXVariantGroup;
			children = (
				119B9796261070C4008676C5 /* Base */,
			);
			name = Main.storyboard;
			sourceTree = "<group>";
		};
		119B979A261070C7008676C5 /* LaunchScreen.storyboard */ = {
			isa = PBXVariantGroup;
			children = (
				119B979B261070C7008676C5 /* Base */,
			);
			name = LaunchScreen.storyboard;
			sourceTree = "<group>";
		};
/* End PBXVariantGroup section */

/* Begin XCBuildConfiguration section */
		119B97B4261070C7008676C5 /* Debug */ = {
			isa = XCBuildConfiguration;
			buildSettings = {
				ALWAYS_SEARCH_USER_PATHS = NO;
				CLANG_ANALYZER_NONNULL = YES;
				CLANG_ANALYZER_NUMBER_OBJECT_CONVERSION = YES_AGGRESSIVE;
				CLANG_CXX_LANGUAGE_STANDARD = "gnu++14";
				CLANG_CXX_LIBRARY = "libc++";
				CLANG_ENABLE_MODULES = YES;
				CLANG_ENABLE_OBJC_ARC = YES;
				CLANG_ENABLE_OBJC_WEAK = YES;
				CLANG_WARN_BLOCK_CAPTURE_AUTORELEASING = YES;
				CLANG_WARN_BOOL_CONVERSION = YES;
				CLANG_WARN_COMMA = YES;
				CLANG_WARN_CONSTANT_CONVERSION = YES;
				CLANG_WARN_DEPRECATED_OBJC_IMPLEMENTATIONS = YES;
				CLANG_WARN_DIRECT_OBJC_ISA_USAGE = YES_ERROR;
				CLANG_WARN_DOCUMENTATION_COMMENTS = YES;
				CLANG_WARN_EMPTY_BODY = YES;
				CLANG_WARN_ENUM_CONVERSION = YES;
				CLANG_WARN_INFINITE_RECURSION = YES;
				CLANG_WARN_INT_CONVERSION = YES;
				CLANG_WARN_NON_LITERAL_NULL_CONVERSION = YES;
				CLANG_WARN_OBJC_IMPLICIT_RETAIN_SELF = YES;
				CLANG_WARN_OBJC_LITERAL_CONVERSION = YES;
				CLANG_WARN_OBJC_ROOT_CLASS = YES_ERROR;
				CLANG_WARN_QUOTED_INCLUDE_IN_FRAMEWORK_HEADER = YES;
				CLANG_WARN_RANGE_LOOP_ANALYSIS = YES;
				CLANG_WARN_STRICT_PROTOTYPES = YES;
				CLANG_WARN_SUSPICIOUS_MOVE = YES;
				CLANG_WARN_UNGUARDED_AVAILABILITY = YES_AGGRESSIVE;
				CLANG_WARN_UNREACHABLE_CODE = YES;
				CLANG_WARN__DUPLICATE_METHOD_MATCH = YES;
				COPY_PHASE_STRIP = NO;
				DEBUG_INFORMATION_FORMAT = dwarf;
				ENABLE_STRICT_OBJC_MSGSEND = YES;
				ENABLE_TESTABILITY = YES;
				GCC_C_LANGUAGE_STANDARD = gnu11;
				GCC_DYNAMIC_NO_PIC = NO;
				GCC_NO_COMMON_BLOCKS = YES;
				GCC_OPTIMIZATION_LEVEL = 0;
				GCC_PREPROCESSOR_DEFINITIONS = (
					"DEBUG=1",
					"$(inherited)",
				);
				GCC_WARN_64_TO_32_BIT_CONVERSION = YES;
				GCC_WARN_ABOUT_RETURN_TYPE = YES_ERROR;
				GCC_WARN_UNDECLARED_SELECTOR = YES;
				GCC_WARN_UNINITIALIZED_AUTOS = YES_AGGRESSIVE;
				GCC_WARN_UNUSED_FUNCTION = YES;
				GCC_WARN_UNUSED_VARIABLE = YES;
				IPHONEOS_DEPLOYMENT_TARGET = 14.4;
				MTL_ENABLE_DEBUG_INFO = INCLUDE_SOURCE;
				MTL_FAST_MATH = YES;
				ONLY_ACTIVE_ARCH = YES;
				SDKROOT = iphoneos;
				SWIFT_ACTIVE_COMPILATION_CONDITIONS = DEBUG;
				SWIFT_OPTIMIZATION_LEVEL = "-Onone";
			};
			name = Debug;
		};
		119B97B5261070C7008676C5 /* Release */ = {
			isa = XCBuildConfiguration;
			buildSettings = {
				ALWAYS_SEARCH_USER_PATHS = NO;
				CLANG_ANALYZER_NONNULL = YES;
				CLANG_ANALYZER_NUMBER_OBJECT_CONVERSION = YES_AGGRESSIVE;
				CLANG_CXX_LANGUAGE_STANDARD = "gnu++14";
				CLANG_CXX_LIBRARY = "libc++";
				CLANG_ENABLE_MODULES = YES;
				CLANG_ENABLE_OBJC_ARC = YES;
				CLANG_ENABLE_OBJC_WEAK = YES;
				CLANG_WARN_BLOCK_CAPTURE_AUTORELEASING = YES;
				CLANG_WARN_BOOL_CONVERSION = YES;
				CLANG_WARN_COMMA = YES;
				CLANG_WARN_CONSTANT_CONVERSION = YES;
				CLANG_WARN_DEPRECATED_OBJC_IMPLEMENTATIONS = YES;
				CLANG_WARN_DIRECT_OBJC_ISA_USAGE = YES_ERROR;
				CLANG_WARN_DOCUMENTATION_COMMENTS = YES;
				CLANG_WARN_EMPTY_BODY = YES;
				CLANG_WARN_ENUM_CONVERSION = YES;
				CLANG_WARN_INFINITE_RECURSION = YES;
				CLANG_WARN_INT_CONVERSION = YES;
				CLANG_WARN_NON_LITERAL_NULL_CONVERSION = YES;
				CLANG_WARN_OBJC_IMPLICIT_RETAIN_SELF = YES;
				CLANG_WARN_OBJC_LITERAL_CONVERSION = YES;
				CLANG_WARN_OBJC_ROOT_CLASS = YES_ERROR;
				CLANG_WARN_QUOTED_INCLUDE_IN_FRAMEWORK_HEADER = YES;
				CLANG_WARN_RANGE_LOOP_ANALYSIS = YES;
				CLANG_WARN_STRICT_PROTOTYPES = YES;
				CLANG_WARN_SUSPICIOUS_MOVE = YES;
				CLANG_WARN_UNGUARDED_AVAILABILITY = YES_AGGRESSIVE;
				CLANG_WARN_UNREACHABLE_CODE = YES;
				CLANG_WARN__DUPLICATE_METHOD_MATCH = YES;
				COPY_PHASE_STRIP = NO;
				DEBUG_INFORMATION_FORMAT = "dwarf-with-dsym";
				ENABLE_NS_ASSERTIONS = NO;
				ENABLE_STRICT_OBJC_MSGSEND = YES;
				GCC_C_LANGUAGE_STANDARD = gnu11;
				GCC_NO_COMMON_BLOCKS = YES;
				GCC_WARN_64_TO_32_BIT_CONVERSION = YES;
				GCC_WARN_ABOUT_RETURN_TYPE = YES_ERROR;
				GCC_WARN_UNDECLARED_SELECTOR = YES;
				GCC_WARN_UNINITIALIZED_AUTOS = YES_AGGRESSIVE;
				GCC_WARN_UNUSED_FUNCTION = YES;
				GCC_WARN_UNUSED_VARIABLE = YES;
				IPHONEOS_DEPLOYMENT_TARGET = 14.4;
				MTL_ENABLE_DEBUG_INFO = NO;
				MTL_FAST_MATH = YES;
				SDKROOT = iphoneos;
				SWIFT_COMPILATION_MODE = wholemodule;
				SWIFT_OPTIMIZATION_LEVEL = "-O";
				VALIDATE_PRODUCT = YES;
			};
			name = Release;
		};
		119B97B7261070C7008676C5 /* Debug */ = {
			isa = XCBuildConfiguration;
			baseConfigurationReference = 7F2A506C6F8CB1F8C8B826A2 /* Pods-Assemble.debug.xcconfig */;
			buildSettings = {
				ASSETCATALOG_COMPILER_APPICON_NAME = AppIcon;
				ASSETCATALOG_COMPILER_GLOBAL_ACCENT_COLOR_NAME = AccentColor;
				CODE_SIGN_STYLE = Automatic;
				INFOPLIST_FILE = Assemble/Info.plist;
				LD_RUNPATH_SEARCH_PATHS = (
					"$(inherited)",
					"@executable_path/Frameworks",
				);
				PRODUCT_BUNDLE_IDENTIFIER = "Viboll-Thach.Assemble";
				PRODUCT_NAME = "$(TARGET_NAME)";
				SWIFT_VERSION = 5.0;
				TARGETED_DEVICE_FAMILY = "1,2";
			};
			name = Debug;
		};
		119B97B8261070C7008676C5 /* Release */ = {
			isa = XCBuildConfiguration;
			baseConfigurationReference = DFAE342D7059BDA5F06B2553 /* Pods-Assemble.release.xcconfig */;
			buildSettings = {
				ASSETCATALOG_COMPILER_APPICON_NAME = AppIcon;
				ASSETCATALOG_COMPILER_GLOBAL_ACCENT_COLOR_NAME = AccentColor;
				CODE_SIGN_STYLE = Automatic;
				INFOPLIST_FILE = Assemble/Info.plist;
				LD_RUNPATH_SEARCH_PATHS = (
					"$(inherited)",
					"@executable_path/Frameworks",
				);
				PRODUCT_BUNDLE_IDENTIFIER = "Viboll-Thach.Assemble";
				PRODUCT_NAME = "$(TARGET_NAME)";
				SWIFT_VERSION = 5.0;
				TARGETED_DEVICE_FAMILY = "1,2";
			};
			name = Release;
		};
		119B97BA261070C7008676C5 /* Debug */ = {
			isa = XCBuildConfiguration;
			baseConfigurationReference = 0F857D03762A44BAF1046474 /* Pods-AssembleTests.debug.xcconfig */;
			buildSettings = {
				ALWAYS_EMBED_SWIFT_STANDARD_LIBRARIES = YES;
				BUNDLE_LOADER = "$(TEST_HOST)";
				CODE_SIGN_STYLE = Automatic;
				INFOPLIST_FILE = AssembleTests/Info.plist;
				IPHONEOS_DEPLOYMENT_TARGET = 14.4;
				LD_RUNPATH_SEARCH_PATHS = (
					"$(inherited)",
					"@executable_path/Frameworks",
					"@loader_path/Frameworks",
				);
				PRODUCT_BUNDLE_IDENTIFIER = "Viboll-Thach.AssembleTests";
				PRODUCT_NAME = "$(TARGET_NAME)";
				SWIFT_VERSION = 5.0;
				TARGETED_DEVICE_FAMILY = "1,2";
				TEST_HOST = "$(BUILT_PRODUCTS_DIR)/Assemble.app/Assemble";
			};
			name = Debug;
		};
		119B97BB261070C7008676C5 /* Release */ = {
			isa = XCBuildConfiguration;
			baseConfigurationReference = C5E45E4BB2746D34C8CBDD75 /* Pods-AssembleTests.release.xcconfig */;
			buildSettings = {
				ALWAYS_EMBED_SWIFT_STANDARD_LIBRARIES = YES;
				BUNDLE_LOADER = "$(TEST_HOST)";
				CODE_SIGN_STYLE = Automatic;
				INFOPLIST_FILE = AssembleTests/Info.plist;
				IPHONEOS_DEPLOYMENT_TARGET = 14.4;
				LD_RUNPATH_SEARCH_PATHS = (
					"$(inherited)",
					"@executable_path/Frameworks",
					"@loader_path/Frameworks",
				);
				PRODUCT_BUNDLE_IDENTIFIER = "Viboll-Thach.AssembleTests";
				PRODUCT_NAME = "$(TARGET_NAME)";
				SWIFT_VERSION = 5.0;
				TARGETED_DEVICE_FAMILY = "1,2";
				TEST_HOST = "$(BUILT_PRODUCTS_DIR)/Assemble.app/Assemble";
			};
			name = Release;
		};
		119B97BD261070C7008676C5 /* Debug */ = {
			isa = XCBuildConfiguration;
			baseConfigurationReference = 0CB782128F454DCD94BC8985 /* Pods-Assemble-AssembleUITests.debug.xcconfig */;
			buildSettings = {
				ALWAYS_EMBED_SWIFT_STANDARD_LIBRARIES = YES;
				CODE_SIGN_STYLE = Automatic;
				INFOPLIST_FILE = AssembleUITests/Info.plist;
				LD_RUNPATH_SEARCH_PATHS = (
					"$(inherited)",
					"@executable_path/Frameworks",
					"@loader_path/Frameworks",
				);
				PRODUCT_BUNDLE_IDENTIFIER = "Viboll-Thach.AssembleUITests";
				PRODUCT_NAME = "$(TARGET_NAME)";
				SWIFT_VERSION = 5.0;
				TARGETED_DEVICE_FAMILY = "1,2";
				TEST_TARGET_NAME = Assemble;
			};
			name = Debug;
		};
		119B97BE261070C7008676C5 /* Release */ = {
			isa = XCBuildConfiguration;
			baseConfigurationReference = 684619CF8156531BA8990F77 /* Pods-Assemble-AssembleUITests.release.xcconfig */;
			buildSettings = {
				ALWAYS_EMBED_SWIFT_STANDARD_LIBRARIES = YES;
				CODE_SIGN_STYLE = Automatic;
				INFOPLIST_FILE = AssembleUITests/Info.plist;
				LD_RUNPATH_SEARCH_PATHS = (
					"$(inherited)",
					"@executable_path/Frameworks",
					"@loader_path/Frameworks",
				);
				PRODUCT_BUNDLE_IDENTIFIER = "Viboll-Thach.AssembleUITests";
				PRODUCT_NAME = "$(TARGET_NAME)";
				SWIFT_VERSION = 5.0;
				TARGETED_DEVICE_FAMILY = "1,2";
				TEST_TARGET_NAME = Assemble;
			};
			name = Release;
		};
/* End XCBuildConfiguration section */

/* Begin XCConfigurationList section */
		119B9787261070C4008676C5 /* Build configuration list for PBXProject "Assemble" */ = {
			isa = XCConfigurationList;
			buildConfigurations = (
				119B97B4261070C7008676C5 /* Debug */,
				119B97B5261070C7008676C5 /* Release */,
			);
			defaultConfigurationIsVisible = 0;
			defaultConfigurationName = Release;
		};
		119B97B6261070C7008676C5 /* Build configuration list for PBXNativeTarget "Assemble" */ = {
			isa = XCConfigurationList;
			buildConfigurations = (
				119B97B7261070C7008676C5 /* Debug */,
				119B97B8261070C7008676C5 /* Release */,
			);
			defaultConfigurationIsVisible = 0;
			defaultConfigurationName = Release;
		};
		119B97B9261070C7008676C5 /* Build configuration list for PBXNativeTarget "AssembleTests" */ = {
			isa = XCConfigurationList;
			buildConfigurations = (
				119B97BA261070C7008676C5 /* Debug */,
				119B97BB261070C7008676C5 /* Release */,
			);
			defaultConfigurationIsVisible = 0;
			defaultConfigurationName = Release;
		};
		119B97BC261070C7008676C5 /* Build configuration list for PBXNativeTarget "AssembleUITests" */ = {
			isa = XCConfigurationList;
			buildConfigurations = (
				119B97BD261070C7008676C5 /* Debug */,
				119B97BE261070C7008676C5 /* Release */,
			);
			defaultConfigurationIsVisible = 0;
			defaultConfigurationName = Release;
		};
/* End XCConfigurationList section */
	};
	rootObject = 119B9784261070C4008676C5 /* Project object */;
}
